// !$*UTF8*$!
{
	archiveVersion = 1;
	classes = {
	};
	objectVersion = 55;
	objects = {

/* Begin PBXBuildFile section */
		0227A9BD288D813500D15BD5 /* bestCallJokerApp.swift in Sources */ = {isa = PBXBuildFile; fileRef = 0227A9BC288D813500D15BD5 /* bestCallJokerApp.swift */; };
		0227A9BF288D813500D15BD5 /* ContentView.swift in Sources */ = {isa = PBXBuildFile; fileRef = 0227A9BE288D813500D15BD5 /* ContentView.swift */; };
		0227A9C1288D813700D15BD5 /* Assets.xcassets in Resources */ = {isa = PBXBuildFile; fileRef = 0227A9C0288D813700D15BD5 /* Assets.xcassets */; };
		0227A9C4288D813700D15BD5 /* Preview Assets.xcassets in Resources */ = {isa = PBXBuildFile; fileRef = 0227A9C3288D813700D15BD5 /* Preview Assets.xcassets */; };
		0227A9CE288D821D00D15BD5 /* GameMe.swift in Sources */ = {isa = PBXBuildFile; fileRef = 0227A9CD288D821D00D15BD5 /* GameMe.swift */; };
		0227A9D0288D825900D15BD5 /* TextView.swift in Sources */ = {isa = PBXBuildFile; fileRef = 0227A9CF288D825900D15BD5 /* TextView.swift */; };
		0227A9D2288D8F8F00D15BD5 /* Shapes.swift in Sources */ = {isa = PBXBuildFile; fileRef = 0227A9D1288D8F8F00D15BD5 /* Shapes.swift */; };
		0227A9D4288D92CF00D15BD5 /* RoundView.swift in Sources */ = {isa = PBXBuildFile; fileRef = 0227A9D3288D92CF00D15BD5 /* RoundView.swift */; };
		0227A9D6288D991C00D15BD5 /* BackgroundView.swift in Sources */ = {isa = PBXBuildFile; fileRef = 0227A9D5288D991C00D15BD5 /* BackgroundView.swift */; };
		02A9BE6928968573003F1959 /* PointsView.swift in Sources */ = {isa = PBXBuildFile; fileRef = 02A9BE6828968573003F1959 /* PointsView.swift */; };
		02A9BE6B28969E92003F1959 /* Constants.swift in Sources */ = {isa = PBXBuildFile; fileRef = 02A9BE6A28969E92003F1959 /* Constants.swift */; };
		02A9BE6D2896A16D003F1959 /* LeaderBoardView.swift in Sources */ = {isa = PBXBuildFile; fileRef = 02A9BE6C2896A16D003F1959 /* LeaderBoardView.swift */; };
/* End PBXBuildFile section */

/* Begin PBXFileReference section */
		0227A9B9288D813500D15BD5 /* bestCallJoker.app */ = {isa = PBXFileReference; explicitFileType = wrapper.application; includeInIndex = 0; path = bestCallJoker.app; sourceTree = BUILT_PRODUCTS_DIR; };
		0227A9BC288D813500D15BD5 /* bestCallJokerApp.swift */ = {isa = PBXFileReference; lastKnownFileType = sourcecode.swift; path = bestCallJokerApp.swift; sourceTree = "<group>"; };
		0227A9BE288D813500D15BD5 /* ContentView.swift */ = {isa = PBXFileReference; lastKnownFileType = sourcecode.swift; path = ContentView.swift; sourceTree = "<group>"; };
		0227A9C0288D813700D15BD5 /* Assets.xcassets */ = {isa = PBXFileReference; lastKnownFileType = folder.assetcatalog; path = Assets.xcassets; sourceTree = "<group>"; };
		0227A9C3288D813700D15BD5 /* Preview Assets.xcassets */ = {isa = PBXFileReference; lastKnownFileType = folder.assetcatalog; path = "Preview Assets.xcassets"; sourceTree = "<group>"; };
		0227A9CD288D821D00D15BD5 /* GameMe.swift */ = {isa = PBXFileReference; lastKnownFileType = sourcecode.swift; path = GameMe.swift; sourceTree = "<group>"; };
		0227A9CF288D825900D15BD5 /* TextView.swift */ = {isa = PBXFileReference; lastKnownFileType = sourcecode.swift; path = TextView.swift; sourceTree = "<group>"; };
		0227A9D1288D8F8F00D15BD5 /* Shapes.swift */ = {isa = PBXFileReference; lastKnownFileType = sourcecode.swift; path = Shapes.swift; sourceTree = "<group>"; };
		0227A9D3288D92CF00D15BD5 /* RoundView.swift */ = {isa = PBXFileReference; lastKnownFileType = sourcecode.swift; path = RoundView.swift; sourceTree = "<group>"; };
		0227A9D5288D991C00D15BD5 /* BackgroundView.swift */ = {isa = PBXFileReference; lastKnownFileType = sourcecode.swift; path = BackgroundView.swift; sourceTree = "<group>"; };
		02A9BE6828968573003F1959 /* PointsView.swift */ = {isa = PBXFileReference; lastKnownFileType = sourcecode.swift; path = PointsView.swift; sourceTree = "<group>"; };
		02A9BE6A28969E92003F1959 /* Constants.swift */ = {isa = PBXFileReference; lastKnownFileType = sourcecode.swift; path = Constants.swift; sourceTree = "<group>"; };
		02A9BE6C2896A16D003F1959 /* LeaderBoardView.swift */ = {isa = PBXFileReference; lastKnownFileType = sourcecode.swift; path = LeaderBoardView.swift; sourceTree = "<group>"; };
/* End PBXFileReference section */

/* Begin PBXFrameworksBuildPhase section */
		0227A9B6288D813500D15BD5 /* Frameworks */ = {
			isa = PBXFrameworksBuildPhase;
			buildActionMask = 2147483647;
			files = (
			);
			runOnlyForDeploymentPostprocessing = 0;
		};
/* End PBXFrameworksBuildPhase section */

/* Begin PBXGroup section */
		0227A9B0288D813500D15BD5 = {
			isa = PBXGroup;
			children = (
				0227A9BB288D813500D15BD5 /* bestCallJoker */,
				0227A9BA288D813500D15BD5 /* Products */,
			);
			sourceTree = "<group>";
		};
		0227A9BA288D813500D15BD5 /* Products */ = {
			isa = PBXGroup;
			children = (
				0227A9B9288D813500D15BD5 /* bestCallJoker.app */,
			);
			name = Products;
			sourceTree = "<group>";
		};
		0227A9BB288D813500D15BD5 /* bestCallJoker */ = {
			isa = PBXGroup;
			children = (
				0227A9CC288D81FC00D15BD5 /* Models */,
				0227A9CB288D81F300D15BD5 /* Views */,
				0227A9CA288D81EB00D15BD5 /* App */,
				0227A9C2288D813700D15BD5 /* Preview Content */,
			);
			path = bestCallJoker;
			sourceTree = "<group>";
		};
		0227A9C2288D813700D15BD5 /* Preview Content */ = {
			isa = PBXGroup;
			children = (
				0227A9C3288D813700D15BD5 /* Preview Assets.xcassets */,
			);
			path = "Preview Content";
			sourceTree = "<group>";
		};
		0227A9CA288D81EB00D15BD5 /* App */ = {
			isa = PBXGroup;
			children = (
				0227A9C0288D813700D15BD5 /* Assets.xcassets */,
				0227A9BC288D813500D15BD5 /* bestCallJokerApp.swift */,
			);
			path = App;
			sourceTree = "<group>";
		};
		0227A9CB288D81F300D15BD5 /* Views */ = {
			isa = PBXGroup;
			children = (
				0227A9BE288D813500D15BD5 /* ContentView.swift */,
				0227A9CF288D825900D15BD5 /* TextView.swift */,
				0227A9D1288D8F8F00D15BD5 /* Shapes.swift */,
				0227A9D3288D92CF00D15BD5 /* RoundView.swift */,
				0227A9D5288D991C00D15BD5 /* BackgroundView.swift */,
				02A9BE6828968573003F1959 /* PointsView.swift */,
				02A9BE6C2896A16D003F1959 /* LeaderBoardView.swift */,
			);
			path = Views;
			sourceTree = "<group>";
		};
		0227A9CC288D81FC00D15BD5 /* Models */ = {
			isa = PBXGroup;
			children = (
				0227A9CD288D821D00D15BD5 /* GameMe.swift */,
				02A9BE6A28969E92003F1959 /* Constants.swift */,
			);
			path = Models;
			sourceTree = "<group>";
		};
/* End PBXGroup section */

/* Begin PBXNativeTarget section */
		0227A9B8288D813500D15BD5 /* bestCallJoker */ = {
			isa = PBXNativeTarget;
			buildConfigurationList = 0227A9C7288D813700D15BD5 /* Build configuration list for PBXNativeTarget "bestCallJoker" */;
			buildPhases = (
				0227A9B5288D813500D15BD5 /* Sources */,
				0227A9B6288D813500D15BD5 /* Frameworks */,
				0227A9B7288D813500D15BD5 /* Resources */,
			);
			buildRules = (
			);
			dependencies = (
			);
			name = bestCallJoker;
			productName = bestCallJoker;
			productReference = 0227A9B9288D813500D15BD5 /* bestCallJoker.app */;
			productType = "com.apple.product-type.application";
		};
/* End PBXNativeTarget section */

/* Begin PBXProject section */
		0227A9B1288D813500D15BD5 /* Project object */ = {
			isa = PBXProject;
			attributes = {
				BuildIndependentTargetsInParallel = 1;
				LastSwiftUpdateCheck = 1340;
				LastUpgradeCheck = 1340;
				TargetAttributes = {
					0227A9B8288D813500D15BD5 = {
						CreatedOnToolsVersion = 13.4.1;
					};
				};
			};
			buildConfigurationList = 0227A9B4288D813500D15BD5 /* Build configuration list for PBXProject "bestCallJoker" */;
			compatibilityVersion = "Xcode 13.0";
			developmentRegion = en;
			hasScannedForEncodings = 0;
			knownRegions = (
				en,
				Base,
			);
			mainGroup = 0227A9B0288D813500D15BD5;
			productRefGroup = 0227A9BA288D813500D15BD5 /* Products */;
			projectDirPath = "";
			projectRoot = "";
			targets = (
				0227A9B8288D813500D15BD5 /* bestCallJoker */,
			);
		};
/* End PBXProject section */

/* Begin PBXResourcesBuildPhase section */
		0227A9B7288D813500D15BD5 /* Resources */ = {
			isa = PBXResourcesBuildPhase;
			buildActionMask = 2147483647;
			files = (
				0227A9C4288D813700D15BD5 /* Preview Assets.xcassets in Resources */,
				0227A9C1288D813700D15BD5 /* Assets.xcassets in Resources */,
			);
			runOnlyForDeploymentPostprocessing = 0;
		};
/* End PBXResourcesBuildPhase section */

/* Begin PBXSourcesBuildPhase section */
		0227A9B5288D813500D15BD5 /* Sources */ = {
			isa = PBXSourcesBuildPhase;
			buildActionMask = 2147483647;
			files = (
				0227A9CE288D821D00D15BD5 /* GameMe.swift in Sources */,
				0227A9D4288D92CF00D15BD5 /* RoundView.swift in Sources */,
				0227A9D0288D825900D15BD5 /* TextView.swift in Sources */,
				02A9BE6928968573003F1959 /* PointsView.swift in Sources */,
				02A9BE6D2896A16D003F1959 /* LeaderBoardView.swift in Sources */,
				0227A9D6288D991C00D15BD5 /* BackgroundView.swift in Sources */,
				0227A9BF288D813500D15BD5 /* ContentView.swift in Sources */,
				02A9BE6B28969E92003F1959 /* Constants.swift in Sources */,
				0227A9D2288D8F8F00D15BD5 /* Shapes.swift in Sources */,
				0227A9BD288D813500D15BD5 /* bestCallJokerApp.swift in Sources */,
			);
			runOnlyForDeploymentPostprocessing = 0;
		};
/* End PBXSourcesBuildPhase section */

/* Begin XCBuildConfiguration section */
		0227A9C5288D813700D15BD5 /* Debug */ = {
			isa = XCBuildConfiguration;
			buildSettings = {
				ALWAYS_SEARCH_USER_PATHS = NO;
				CLANG_ANALYZER_NONNULL = YES;
				CLANG_ANALYZER_NUMBER_OBJECT_CONVERSION = YES_AGGRESSIVE;
				CLANG_CXX_LANGUAGE_STANDARD = "gnu++17";
				CLANG_ENABLE_MODULES = YES;
				CLANG_ENABLE_OBJC_ARC = YES;
				CLANG_ENABLE_OBJC_WEAK = YES;
				CLANG_WARN_BLOCK_CAPTURE_AUTORELEASING = YES;
				CLANG_WARN_BOOL_CONVERSION = YES;
				CLANG_WARN_COMMA = YES;
				CLANG_WARN_CONSTANT_CONVERSION = YES;
				CLANG_WARN_DEPRECATED_OBJC_IMPLEMENTATIONS = YES;
				CLANG_WARN_DIRECT_OBJC_ISA_USAGE = YES_ERROR;
				CLANG_WARN_DOCUMENTATION_COMMENTS = YES;
				CLANG_WARN_EMPTY_BODY = YES;
				CLANG_WARN_ENUM_CONVERSION = YES;
				CLANG_WARN_INFINITE_RECURSION = YES;
				CLANG_WARN_INT_CONVERSION = YES;
				CLANG_WARN_NON_LITERAL_NULL_CONVERSION = YES;
				CLANG_WARN_OBJC_IMPLICIT_RETAIN_SELF = YES;
				CLANG_WARN_OBJC_LITERAL_CONVERSION = YES;
				CLANG_WARN_OBJC_ROOT_CLASS = YES_ERROR;
				CLANG_WARN_QUOTED_INCLUDE_IN_FRAMEWORK_HEADER = YES;
				CLANG_WARN_RANGE_LOOP_ANALYSIS = YES;
				CLANG_WARN_STRICT_PROTOTYPES = YES;
				CLANG_WARN_SUSPICIOUS_MOVE = YES;
				CLANG_WARN_UNGUARDED_AVAILABILITY = YES_AGGRESSIVE;
				CLANG_WARN_UNREACHABLE_CODE = YES;
				CLANG_WARN__DUPLICATE_METHOD_MATCH = YES;
				COPY_PHASE_STRIP = NO;
				DEBUG_INFORMATION_FORMAT = dwarf;
				ENABLE_STRICT_OBJC_MSGSEND = YES;
				ENABLE_TESTABILITY = YES;
				GCC_C_LANGUAGE_STANDARD = gnu11;
				GCC_DYNAMIC_NO_PIC = NO;
				GCC_NO_COMMON_BLOCKS = YES;
				GCC_OPTIMIZATION_LEVEL = 0;
				GCC_PREPROCESSOR_DEFINITIONS = (
					"DEBUG=1",
					"$(inherited)",
				);
				GCC_WARN_64_TO_32_BIT_CONVERSION = YES;
				GCC_WARN_ABOUT_RETURN_TYPE = YES_ERROR;
				GCC_WARN_UNDECLARED_SELECTOR = YES;
				GCC_WARN_UNINITIALIZED_AUTOS = YES_AGGRESSIVE;
				GCC_WARN_UNUSED_FUNCTION = YES;
				GCC_WARN_UNUSED_VARIABLE = YES;
				IPHONEOS_DEPLOYMENT_TARGET = 15.5;
				MTL_ENABLE_DEBUG_INFO = INCLUDE_SOURCE;
				MTL_FAST_MATH = YES;
				ONLY_ACTIVE_ARCH = YES;
				SDKROOT = iphoneos;
				SWIFT_ACTIVE_COMPILATION_CONDITIONS = DEBUG;
				SWIFT_OPTIMIZATION_LEVEL = "-Onone";
			};
			name = Debug;
		};
		0227A9C6288D813700D15BD5 /* Release */ = {
			isa = XCBuildConfiguration;
			buildSettings = {
				ALWAYS_SEARCH_USER_PATHS = NO;
				CLANG_ANALYZER_NONNULL = YES;
				CLANG_ANALYZER_NUMBER_OBJECT_CONVERSION = YES_AGGRESSIVE;
				CLANG_CXX_LANGUAGE_STANDARD = "gnu++17";
				CLANG_ENABLE_MODULES = YES;
				CLANG_ENABLE_OBJC_ARC = YES;
				CLANG_ENABLE_OBJC_WEAK = YES;
				CLANG_WARN_BLOCK_CAPTURE_AUTORELEASING = YES;
				CLANG_WARN_BOOL_CONVERSION = YES;
				CLANG_WARN_COMMA = YES;
				CLANG_WARN_CONSTANT_CONVERSION = YES;
				CLANG_WARN_DEPRECATED_OBJC_IMPLEMENTATIONS = YES;
				CLANG_WARN_DIRECT_OBJC_ISA_USAGE = YES_ERROR;
				CLANG_WARN_DOCUMENTATION_COMMENTS = YES;
				CLANG_WARN_EMPTY_BODY = YES;
				CLANG_WARN_ENUM_CONVERSION = YES;
				CLANG_WARN_INFINITE_RECURSION = YES;
				CLANG_WARN_INT_CONVERSION = YES;
				CLANG_WARN_NON_LITERAL_NULL_CONVERSION = YES;
				CLANG_WARN_OBJC_IMPLICIT_RETAIN_SELF = YES;
				CLANG_WARN_OBJC_LITERAL_CONVERSION = YES;
				CLANG_WARN_OBJC_ROOT_CLASS = YES_ERROR;
				CLANG_WARN_QUOTED_INCLUDE_IN_FRAMEWORK_HEADER = YES;
				CLANG_WARN_RANGE_LOOP_ANALYSIS = YES;
				CLANG_WARN_STRICT_PROTOTYPES = YES;
				CLANG_WARN_SUSPICIOUS_MOVE = YES;
				CLANG_WARN_UNGUARDED_AVAILABILITY = YES_AGGRESSIVE;
				CLANG_WARN_UNREACHABLE_CODE = YES;
				CLANG_WARN__DUPLICATE_METHOD_MATCH = YES;
				COPY_PHASE_STRIP = NO;
				DEBUG_INFORMATION_FORMAT = "dwarf-with-dsym";
				ENABLE_NS_ASSERTIONS = NO;
				ENABLE_STRICT_OBJC_MSGSEND = YES;
				GCC_C_LANGUAGE_STANDARD = gnu11;
				GCC_NO_COMMON_BLOCKS = YES;
				GCC_WARN_64_TO_32_BIT_CONVERSION = YES;
				GCC_WARN_ABOUT_RETURN_TYPE = YES_ERROR;
				GCC_WARN_UNDECLARED_SELECTOR = YES;
				GCC_WARN_UNINITIALIZED_AUTOS = YES_AGGRESSIVE;
				GCC_WARN_UNUSED_FUNCTION = YES;
				GCC_WARN_UNUSED_VARIABLE = YES;
				IPHONEOS_DEPLOYMENT_TARGET = 15.5;
				MTL_ENABLE_DEBUG_INFO = NO;
				MTL_FAST_MATH = YES;
				SDKROOT = iphoneos;
				SWIFT_COMPILATION_MODE = wholemodule;
				SWIFT_OPTIMIZATION_LEVEL = "-O";
				VALIDATE_PRODUCT = YES;
			};
			name = Release;
		};
		0227A9C8288D813700D15BD5 /* Debug */ = {
			isa = XCBuildConfiguration;
			buildSettings = {
				ASSETCATALOG_COMPILER_APPICON_NAME = AppIcon;
				ASSETCATALOG_COMPILER_GLOBAL_ACCENT_COLOR_NAME = AccentColor;
				CODE_SIGN_STYLE = Automatic;
				CURRENT_PROJECT_VERSION = 1;
				DEVELOPMENT_ASSET_PATHS = "\"bestCallJoker/Preview Content\"";
				DEVELOPMENT_TEAM = H6B9ZW9249;
				ENABLE_PREVIEWS = YES;
				GENERATE_INFOPLIST_FILE = YES;
				INFOPLIST_KEY_UIApplicationSceneManifest_Generation = YES;
				INFOPLIST_KEY_UIApplicationSupportsIndirectInputEvents = YES;
				INFOPLIST_KEY_UILaunchScreen_Generation = YES;
				INFOPLIST_KEY_UISupportedInterfaceOrientations_iPad = "UIInterfaceOrientationPortrait UIInterfaceOrientationPortraitUpsideDown UIInterfaceOrientationLandscapeLeft UIInterfaceOrientationLandscapeRight";
				INFOPLIST_KEY_UISupportedInterfaceOrientations_iPhone = "UIInterfaceOrientationPortrait UIInterfaceOrientationLandscapeLeft UIInterfaceOrientationLandscapeRight";
				LD_RUNPATH_SEARCH_PATHS = (
					"$(inherited)",
					"@executable_path/Frameworks",
				);
				MARKETING_VERSION = 1.0;
				PRODUCT_BUNDLE_IDENTIFIER = rong.joker.bestCallJoker;
				PRODUCT_NAME = bestCallJoker;
				SWIFT_EMIT_LOC_STRINGS = YES;
				SWIFT_VERSION = 5.0;
				TARGETED_DEVICE_FAMILY = "1,2";
			};
			name = Debug;
		};
		0227A9C9288D813700D15BD5 /* Release */ = {
			isa = XCBuildConfiguration;
			buildSettings = {
				ASSETCATALOG_COMPILER_APPICON_NAME = AppIcon;
				ASSETCATALOG_COMPILER_GLOBAL_ACCENT_COLOR_NAME = AccentColor;
				CODE_SIGN_STYLE = Automatic;
				CURRENT_PROJECT_VERSION = 1;
				DEVELOPMENT_ASSET_PATHS = "\"bestCallJoker/Preview Content\"";
				DEVELOPMENT_TEAM = H6B9ZW9249;
				ENABLE_PREVIEWS = YES;
				GENERATE_INFOPLIST_FILE = YES;
				INFOPLIST_KEY_UIApplicationSceneManifest_Generation = YES;
				INFOPLIST_KEY_UIApplicationSupportsIndirectInputEvents = YES;
				INFOPLIST_KEY_UILaunchScreen_Generation = YES;
				INFOPLIST_KEY_UISupportedInterfaceOrientations_iPad = "UIInterfaceOrientationPortrait UIInterfaceOrientationPortraitUpsideDown UIInterfaceOrientationLandscapeLeft UIInterfaceOrientationLandscapeRight";
				INFOPLIST_KEY_UISupportedInterfaceOrientations_iPhone = "UIInterfaceOrientationPortrait UIInterfaceOrientationLandscapeLeft UIInterfaceOrientationLandscapeRight";
				LD_RUNPATH_SEARCH_PATHS = (
					"$(inherited)",
					"@executable_path/Frameworks",
				);
				MARKETING_VERSION = 1.0;
				PRODUCT_BUNDLE_IDENTIFIER = rong.joker.bestCallJoker;
				PRODUCT_NAME = bestCallJoker;
				SWIFT_EMIT_LOC_STRINGS = YES;
				SWIFT_VERSION = 5.0;
				TARGETED_DEVICE_FAMILY = "1,2";
			};
			name = Release;
		};
/* End XCBuildConfiguration section */

/* Begin XCConfigurationList section */
		0227A9B4288D813500D15BD5 /* Build configuration list for PBXProject "bestCallJoker" */ = {
			isa = XCConfigurationList;
			buildConfigurations = (
				0227A9C5288D813700D15BD5 /* Debug */,
				0227A9C6288D813700D15BD5 /* Release */,
			);
			defaultConfigurationIsVisible = 0;
			defaultConfigurationName = Release;
		};
		0227A9C7288D813700D15BD5 /* Build configuration list for PBXNativeTarget "bestCallJoker" */ = {
			isa = XCConfigurationList;
			buildConfigurations = (
				0227A9C8288D813700D15BD5 /* Debug */,
				0227A9C9288D813700D15BD5 /* Release */,
			);
			defaultConfigurationIsVisible = 0;
			defaultConfigurationName = Release;
		};
/* End XCConfigurationList section */
	};
	rootObject = 0227A9B1288D813500D15BD5 /* Project object */;
}
